// !$*UTF8*$!
{
	archiveVersion = 1;
	classes = {
	};
	objectVersion = 55;
	objects = {

/* Begin PBXBuildFile section */
		7F1D40032792EAB900FF6F3C /* AppDelegate.swift in Sources */ = {isa = PBXBuildFile; fileRef = 7F1D40022792EAB900FF6F3C /* AppDelegate.swift */; };
		7F1D40052792EAB900FF6F3C /* SceneDelegate.swift in Sources */ = {isa = PBXBuildFile; fileRef = 7F1D40042792EAB900FF6F3C /* SceneDelegate.swift */; };
		7F1D400C2792EABB00FF6F3C /* Assets.xcassets in Resources */ = {isa = PBXBuildFile; fileRef = 7F1D400B2792EABB00FF6F3C /* Assets.xcassets */; };
		7F1D400F2792EABB00FF6F3C /* LaunchScreen.storyboard in Resources */ = {isa = PBXBuildFile; fileRef = 7F1D400D2792EABB00FF6F3C /* LaunchScreen.storyboard */; };
		7F1D40182792EB1F00FF6F3C /* HomeTableViewController.storyboard in Resources */ = {isa = PBXBuildFile; fileRef = 7F1D40172792EB1F00FF6F3C /* HomeTableViewController.storyboard */; };
		7F1D401A2792EB3300FF6F3C /* HomeTableViewController.swift in Sources */ = {isa = PBXBuildFile; fileRef = 7F1D40192792EB3300FF6F3C /* HomeTableViewController.swift */; };
		7F1D401E2792EE7400FF6F3C /* AddNewCategoryTableViewController.swift in Sources */ = {isa = PBXBuildFile; fileRef = 7F1D401D2792EE7400FF6F3C /* AddNewCategoryTableViewController.swift */; };
		7F1D40202792EE8300FF6F3C /* AddNewTableViewController.storyboard in Resources */ = {isa = PBXBuildFile; fileRef = 7F1D401F2792EE8300FF6F3C /* AddNewTableViewController.storyboard */; };
		7F1D4023279358BE00FF6F3C /* Category.swift in Sources */ = {isa = PBXBuildFile; fileRef = 7F1D4022279358BE00FF6F3C /* Category.swift */; };
		7F1D4026279364F500FF6F3C /* IconCategoryTableViewController.swift in Sources */ = {isa = PBXBuildFile; fileRef = 7F1D4025279364F500FF6F3C /* IconCategoryTableViewController.swift */; };
		7F1D402827936A5200FF6F3C /* IconCategoryTableViewController.storyboard in Resources */ = {isa = PBXBuildFile; fileRef = 7F1D402727936A5200FF6F3C /* IconCategoryTableViewController.storyboard */; };
		7F1D402C2794063900FF6F3C /* TodolistTableViewController.storyboard in Resources */ = {isa = PBXBuildFile; fileRef = 7F1D402B2794063900FF6F3C /* TodolistTableViewController.storyboard */; };
		7F1D402E2794064900FF6F3C /* TodolistTableViewController.swift in Sources */ = {isa = PBXBuildFile; fileRef = 7F1D402D2794064900FF6F3C /* TodolistTableViewController.swift */; };
		7F1D403027940F0400FF6F3C /* Todolist.swift in Sources */ = {isa = PBXBuildFile; fileRef = 7F1D402F27940F0400FF6F3C /* Todolist.swift */; };
		7F1D40332794114700FF6F3C /* AddNewTodolistTableViewController.swift in Sources */ = {isa = PBXBuildFile; fileRef = 7F1D40322794114700FF6F3C /* AddNewTodolistTableViewController.swift */; };
		7F1D40352794116400FF6F3C /* AddNewTodolistTableViewController.storyboard in Resources */ = {isa = PBXBuildFile; fileRef = 7F1D40342794116400FF6F3C /* AddNewTodolistTableViewController.storyboard */; };
		7F1D403827948D7B00FF6F3C /* TodolistModel.xcdatamodeld in Sources */ = {isa = PBXBuildFile; fileRef = 7F1D403627948D7B00FF6F3C /* TodolistModel.xcdatamodeld */; };
/* End PBXBuildFile section */

/* Begin PBXFileReference section */
		7F1D3FFF2792EAB900FF6F3C /* Todolist.app */ = {isa = PBXFileReference; explicitFileType = wrapper.application; includeInIndex = 0; path = Todolist.app; sourceTree = BUILT_PRODUCTS_DIR; };
		7F1D40022792EAB900FF6F3C /* AppDelegate.swift */ = {isa = PBXFileReference; lastKnownFileType = sourcecode.swift; path = AppDelegate.swift; sourceTree = "<group>"; };
		7F1D40042792EAB900FF6F3C /* SceneDelegate.swift */ = {isa = PBXFileReference; lastKnownFileType = sourcecode.swift; path = SceneDelegate.swift; sourceTree = "<group>"; };
		7F1D400B2792EABB00FF6F3C /* Assets.xcassets */ = {isa = PBXFileReference; lastKnownFileType = folder.assetcatalog; path = Assets.xcassets; sourceTree = "<group>"; };
		7F1D400E2792EABB00FF6F3C /* Base */ = {isa = PBXFileReference; lastKnownFileType = file.storyboard; name = Base; path = Base.lproj/LaunchScreen.storyboard; sourceTree = "<group>"; };
		7F1D40102792EABB00FF6F3C /* Info.plist */ = {isa = PBXFileReference; lastKnownFileType = text.plist.xml; path = Info.plist; sourceTree = "<group>"; };
		7F1D40172792EB1F00FF6F3C /* HomeTableViewController.storyboard */ = {isa = PBXFileReference; lastKnownFileType = file.storyboard; path = HomeTableViewController.storyboard; sourceTree = "<group>"; };
		7F1D40192792EB3300FF6F3C /* HomeTableViewController.swift */ = {isa = PBXFileReference; lastKnownFileType = sourcecode.swift; path = HomeTableViewController.swift; sourceTree = "<group>"; };
		7F1D401D2792EE7400FF6F3C /* AddNewCategoryTableViewController.swift */ = {isa = PBXFileReference; lastKnownFileType = sourcecode.swift; path = AddNewCategoryTableViewController.swift; sourceTree = "<group>"; };
		7F1D401F2792EE8300FF6F3C /* AddNewTableViewController.storyboard */ = {isa = PBXFileReference; lastKnownFileType = file.storyboard; path = AddNewTableViewController.storyboard; sourceTree = "<group>"; };
		7F1D4022279358BE00FF6F3C /* Category.swift */ = {isa = PBXFileReference; lastKnownFileType = sourcecode.swift; path = Category.swift; sourceTree = "<group>"; };
		7F1D4025279364F500FF6F3C /* IconCategoryTableViewController.swift */ = {isa = PBXFileReference; lastKnownFileType = sourcecode.swift; path = IconCategoryTableViewController.swift; sourceTree = "<group>"; };
		7F1D402727936A5200FF6F3C /* IconCategoryTableViewController.storyboard */ = {isa = PBXFileReference; lastKnownFileType = file.storyboard; path = IconCategoryTableViewController.storyboard; sourceTree = "<group>"; };
		7F1D402B2794063900FF6F3C /* TodolistTableViewController.storyboard */ = {isa = PBXFileReference; lastKnownFileType = file.storyboard; path = TodolistTableViewController.storyboard; sourceTree = "<group>"; };
		7F1D402D2794064900FF6F3C /* TodolistTableViewController.swift */ = {isa = PBXFileReference; lastKnownFileType = sourcecode.swift; path = TodolistTableViewController.swift; sourceTree = "<group>"; };
		7F1D402F27940F0400FF6F3C /* Todolist.swift */ = {isa = PBXFileReference; lastKnownFileType = sourcecode.swift; path = Todolist.swift; sourceTree = "<group>"; };
		7F1D40322794114700FF6F3C /* AddNewTodolistTableViewController.swift */ = {isa = PBXFileReference; lastKnownFileType = sourcecode.swift; path = AddNewTodolistTableViewController.swift; sourceTree = "<group>"; };
		7F1D40342794116400FF6F3C /* AddNewTodolistTableViewController.storyboard */ = {isa = PBXFileReference; lastKnownFileType = file.storyboard; path = AddNewTodolistTableViewController.storyboard; sourceTree = "<group>"; };
		7F1D403727948D7B00FF6F3C /* TodolistModel.xcdatamodel */ = {isa = PBXFileReference; lastKnownFileType = wrapper.xcdatamodel; path = TodolistModel.xcdatamodel; sourceTree = "<group>"; };
/* End PBXFileReference section */

/* Begin PBXFrameworksBuildPhase section */
		7F1D3FFC2792EAB900FF6F3C /* Frameworks */ = {
			isa = PBXFrameworksBuildPhase;
			buildActionMask = 2147483647;
			files = (
			);
			runOnlyForDeploymentPostprocessing = 0;
		};
/* End PBXFrameworksBuildPhase section */

/* Begin PBXGroup section */
		7F1D3FF62792EAB900FF6F3C = {
			isa = PBXGroup;
			children = (
				7F1D403627948D7B00FF6F3C /* TodolistModel.xcdatamodeld */,
				7F1D40012792EAB900FF6F3C /* Todolist */,
				7F1D40002792EAB900FF6F3C /* Products */,
			);
			sourceTree = "<group>";
		};
		7F1D40002792EAB900FF6F3C /* Products */ = {
			isa = PBXGroup;
			children = (
				7F1D3FFF2792EAB900FF6F3C /* Todolist.app */,
			);
			name = Products;
			sourceTree = "<group>";
		};
		7F1D40012792EAB900FF6F3C /* Todolist */ = {
			isa = PBXGroup;
			children = (
				7F1D402A2794061D00FF6F3C /* Todolist */,
				7F1D4021279358AA00FF6F3C /* Models */,
				7F1D401B2792EE4C00FF6F3C /* Form */,
				7F1D40162792EB0B00FF6F3C /* Home */,
				7F1D40022792EAB900FF6F3C /* AppDelegate.swift */,
				7F1D40042792EAB900FF6F3C /* SceneDelegate.swift */,
				7F1D400B2792EABB00FF6F3C /* Assets.xcassets */,
				7F1D400D2792EABB00FF6F3C /* LaunchScreen.storyboard */,
				7F1D40102792EABB00FF6F3C /* Info.plist */,
			);
			path = Todolist;
			sourceTree = "<group>";
		};
		7F1D40162792EB0B00FF6F3C /* Home */ = {
			isa = PBXGroup;
			children = (
				7F1D40172792EB1F00FF6F3C /* HomeTableViewController.storyboard */,
				7F1D40192792EB3300FF6F3C /* HomeTableViewController.swift */,
			);
			path = Home;
			sourceTree = "<group>";
		};
		7F1D401B2792EE4C00FF6F3C /* Form */ = {
			isa = PBXGroup;
			children = (
				7F1D40312794112D00FF6F3C /* AddNewTodolist */,
				7F1D401C2792EE5C00FF6F3C /* AddNewCategory */,
			);
			path = Form;
			sourceTree = "<group>";
		};
		7F1D401C2792EE5C00FF6F3C /* AddNewCategory */ = {
			isa = PBXGroup;
			children = (
				7F1D4024279364D100FF6F3C /* IconCategory */,
				7F1D401D2792EE7400FF6F3C /* AddNewCategoryTableViewController.swift */,
				7F1D401F2792EE8300FF6F3C /* AddNewTableViewController.storyboard */,
			);
			path = AddNewCategory;
			sourceTree = "<group>";
		};
		7F1D4021279358AA00FF6F3C /* Models */ = {
			isa = PBXGroup;
			children = (
				7F1D4022279358BE00FF6F3C /* Category.swift */,
				7F1D402F27940F0400FF6F3C /* Todolist.swift */,
			);
			path = Models;
			sourceTree = "<group>";
		};
		7F1D4024279364D100FF6F3C /* IconCategory */ = {
			isa = PBXGroup;
			children = (
				7F1D4025279364F500FF6F3C /* IconCategoryTableViewController.swift */,
				7F1D402727936A5200FF6F3C /* IconCategoryTableViewController.storyboard */,
			);
			path = IconCategory;
			sourceTree = "<group>";
		};
		7F1D402A2794061D00FF6F3C /* Todolist */ = {
			isa = PBXGroup;
			children = (
				7F1D402B2794063900FF6F3C /* TodolistTableViewController.storyboard */,
				7F1D402D2794064900FF6F3C /* TodolistTableViewController.swift */,
			);
			path = Todolist;
			sourceTree = "<group>";
		};
		7F1D40312794112D00FF6F3C /* AddNewTodolist */ = {
			isa = PBXGroup;
			children = (
				7F1D40322794114700FF6F3C /* AddNewTodolistTableViewController.swift */,
				7F1D40342794116400FF6F3C /* AddNewTodolistTableViewController.storyboard */,
			);
			path = AddNewTodolist;
			sourceTree = "<group>";
		};
/* End PBXGroup section */

/* Begin PBXNativeTarget section */
		7F1D3FFE2792EAB900FF6F3C /* Todolist */ = {
			isa = PBXNativeTarget;
			buildConfigurationList = 7F1D40132792EABB00FF6F3C /* Build configuration list for PBXNativeTarget "Todolist" */;
			buildPhases = (
				7F1D3FFB2792EAB900FF6F3C /* Sources */,
				7F1D3FFC2792EAB900FF6F3C /* Frameworks */,
				7F1D3FFD2792EAB900FF6F3C /* Resources */,
			);
			buildRules = (
			);
			dependencies = (
			);
			name = Todolist;
			productName = Todolist;
			productReference = 7F1D3FFF2792EAB900FF6F3C /* Todolist.app */;
			productType = "com.apple.product-type.application";
		};
/* End PBXNativeTarget section */

/* Begin PBXProject section */
		7F1D3FF72792EAB900FF6F3C /* Project object */ = {
			isa = PBXProject;
			attributes = {
				BuildIndependentTargetsInParallel = 1;
				LastSwiftUpdateCheck = 1320;
				LastUpgradeCheck = 1320;
				TargetAttributes = {
					7F1D3FFE2792EAB900FF6F3C = {
						CreatedOnToolsVersion = 13.2.1;
					};
				};
			};
			buildConfigurationList = 7F1D3FFA2792EAB900FF6F3C /* Build configuration list for PBXProject "Todolist" */;
			compatibilityVersion = "Xcode 13.0";
			developmentRegion = en;
			hasScannedForEncodings = 0;
			knownRegions = (
				en,
				Base,
			);
			mainGroup = 7F1D3FF62792EAB900FF6F3C;
			productRefGroup = 7F1D40002792EAB900FF6F3C /* Products */;
			projectDirPath = "";
			projectRoot = "";
			targets = (
				7F1D3FFE2792EAB900FF6F3C /* Todolist */,
			);
		};
/* End PBXProject section */

/* Begin PBXResourcesBuildPhase section */
		7F1D3FFD2792EAB900FF6F3C /* Resources */ = {
			isa = PBXResourcesBuildPhase;
			buildActionMask = 2147483647;
			files = (
				7F1D402C2794063900FF6F3C /* TodolistTableViewController.storyboard in Resources */,
				7F1D402827936A5200FF6F3C /* IconCategoryTableViewController.storyboard in Resources */,
				7F1D40352794116400FF6F3C /* AddNewTodolistTableViewController.storyboard in Resources */,
				7F1D40182792EB1F00FF6F3C /* HomeTableViewController.storyboard in Resources */,
				7F1D40202792EE8300FF6F3C /* AddNewTableViewController.storyboard in Resources */,
				7F1D400F2792EABB00FF6F3C /* LaunchScreen.storyboard in Resources */,
				7F1D400C2792EABB00FF6F3C /* Assets.xcassets in Resources */,
			);
			runOnlyForDeploymentPostprocessing = 0;
		};
/* End PBXResourcesBuildPhase section */

/* Begin PBXSourcesBuildPhase section */
		7F1D3FFB2792EAB900FF6F3C /* Sources */ = {
			isa = PBXSourcesBuildPhase;
			buildActionMask = 2147483647;
			files = (
				7F1D402E2794064900FF6F3C /* TodolistTableViewController.swift in Sources */,
				7F1D401A2792EB3300FF6F3C /* HomeTableViewController.swift in Sources */,
				7F1D4023279358BE00FF6F3C /* Category.swift in Sources */,
				7F1D403027940F0400FF6F3C /* Todolist.swift in Sources */,
				7F1D4026279364F500FF6F3C /* IconCategoryTableViewController.swift in Sources */,
				7F1D40332794114700FF6F3C /* AddNewTodolistTableViewController.swift in Sources */,
				7F1D40032792EAB900FF6F3C /* AppDelegate.swift in Sources */,
				7F1D401E2792EE7400FF6F3C /* AddNewCategoryTableViewController.swift in Sources */,
				7F1D40052792EAB900FF6F3C /* SceneDelegate.swift in Sources */,
				7F1D403827948D7B00FF6F3C /* TodolistModel.xcdatamodeld in Sources */,
			);
			runOnlyForDeploymentPostprocessing = 0;
		};
/* End PBXSourcesBuildPhase section */

/* Begin PBXVariantGroup section */
		7F1D400D2792EABB00FF6F3C /* LaunchScreen.storyboard */ = {
			isa = PBXVariantGroup;
			children = (
				7F1D400E2792EABB00FF6F3C /* Base */,
			);
			name = LaunchScreen.storyboard;
			sourceTree = "<group>";
		};
/* End PBXVariantGroup section */

/* Begin XCBuildConfiguration section */
		7F1D40112792EABB00FF6F3C /* Debug */ = {
			isa = XCBuildConfiguration;
			buildSettings = {
				ALWAYS_SEARCH_USER_PATHS = NO;
				CLANG_ANALYZER_NONNULL = YES;
				CLANG_ANALYZER_NUMBER_OBJECT_CONVERSION = YES_AGGRESSIVE;
				CLANG_CXX_LANGUAGE_STANDARD = "gnu++17";
				CLANG_CXX_LIBRARY = "libc++";
				CLANG_ENABLE_MODULES = YES;
				CLANG_ENABLE_OBJC_ARC = YES;
				CLANG_ENABLE_OBJC_WEAK = YES;
				CLANG_WARN_BLOCK_CAPTURE_AUTORELEASING = YES;
				CLANG_WARN_BOOL_CONVERSION = YES;
				CLANG_WARN_COMMA = YES;
				CLANG_WARN_CONSTANT_CONVERSION = YES;
				CLANG_WARN_DEPRECATED_OBJC_IMPLEMENTATIONS = YES;
				CLANG_WARN_DIRECT_OBJC_ISA_USAGE = YES_ERROR;
				CLANG_WARN_DOCUMENTATION_COMMENTS = YES;
				CLANG_WARN_EMPTY_BODY = YES;
				CLANG_WARN_ENUM_CONVERSION = YES;
				CLANG_WARN_INFINITE_RECURSION = YES;
				CLANG_WARN_INT_CONVERSION = YES;
				CLANG_WARN_NON_LITERAL_NULL_CONVERSION = YES;
				CLANG_WARN_OBJC_IMPLICIT_RETAIN_SELF = YES;
				CLANG_WARN_OBJC_LITERAL_CONVERSION = YES;
				CLANG_WARN_OBJC_ROOT_CLASS = YES_ERROR;
				CLANG_WARN_QUOTED_INCLUDE_IN_FRAMEWORK_HEADER = YES;
				CLANG_WARN_RANGE_LOOP_ANALYSIS = YES;
				CLANG_WARN_STRICT_PROTOTYPES = YES;
				CLANG_WARN_SUSPICIOUS_MOVE = YES;
				CLANG_WARN_UNGUARDED_AVAILABILITY = YES_AGGRESSIVE;
				CLANG_WARN_UNREACHABLE_CODE = YES;
				CLANG_WARN__DUPLICATE_METHOD_MATCH = YES;
				COPY_PHASE_STRIP = NO;
				DEBUG_INFORMATION_FORMAT = dwarf;
				ENABLE_STRICT_OBJC_MSGSEND = YES;
				ENABLE_TESTABILITY = YES;
				GCC_C_LANGUAGE_STANDARD = gnu11;
				GCC_DYNAMIC_NO_PIC = NO;
				GCC_NO_COMMON_BLOCKS = YES;
				GCC_OPTIMIZATION_LEVEL = 0;
				GCC_PREPROCESSOR_DEFINITIONS = (
					"DEBUG=1",
					"$(inherited)",
				);
				GCC_WARN_64_TO_32_BIT_CONVERSION = YES;
				GCC_WARN_ABOUT_RETURN_TYPE = YES_ERROR;
				GCC_WARN_UNDECLARED_SELECTOR = YES;
				GCC_WARN_UNINITIALIZED_AUTOS = YES_AGGRESSIVE;
				GCC_WARN_UNUSED_FUNCTION = YES;
				GCC_WARN_UNUSED_VARIABLE = YES;
				IPHONEOS_DEPLOYMENT_TARGET = 15.2;
				MTL_ENABLE_DEBUG_INFO = INCLUDE_SOURCE;
				MTL_FAST_MATH = YES;
				ONLY_ACTIVE_ARCH = YES;
				SDKROOT = iphoneos;
				SWIFT_ACTIVE_COMPILATION_CONDITIONS = DEBUG;
				SWIFT_OPTIMIZATION_LEVEL = "-Onone";
			};
			name = Debug;
		};
		7F1D40122792EABB00FF6F3C /* Release */ = {
			isa = XCBuildConfiguration;
			buildSettings = {
				ALWAYS_SEARCH_USER_PATHS = NO;
				CLANG_ANALYZER_NONNULL = YES;
				CLANG_ANALYZER_NUMBER_OBJECT_CONVERSION = YES_AGGRESSIVE;
				CLANG_CXX_LANGUAGE_STANDARD = "gnu++17";
				CLANG_CXX_LIBRARY = "libc++";
				CLANG_ENABLE_MODULES = YES;
				CLANG_ENABLE_OBJC_ARC = YES;
				CLANG_ENABLE_OBJC_WEAK = YES;
				CLANG_WARN_BLOCK_CAPTURE_AUTORELEASING = YES;
				CLANG_WARN_BOOL_CONVERSION = YES;
				CLANG_WARN_COMMA = YES;
				CLANG_WARN_CONSTANT_CONVERSION = YES;
				CLANG_WARN_DEPRECATED_OBJC_IMPLEMENTATIONS = YES;
				CLANG_WARN_DIRECT_OBJC_ISA_USAGE = YES_ERROR;
				CLANG_WARN_DOCUMENTATION_COMMENTS = YES;
				CLANG_WARN_EMPTY_BODY = YES;
				CLANG_WARN_ENUM_CONVERSION = YES;
				CLANG_WARN_INFINITE_RECURSION = YES;
				CLANG_WARN_INT_CONVERSION = YES;
				CLANG_WARN_NON_LITERAL_NULL_CONVERSION = YES;
				CLANG_WARN_OBJC_IMPLICIT_RETAIN_SELF = YES;
				CLANG_WARN_OBJC_LITERAL_CONVERSION = YES;
				CLANG_WARN_OBJC_ROOT_CLASS = YES_ERROR;
				CLANG_WARN_QUOTED_INCLUDE_IN_FRAMEWORK_HEADER = YES;
				CLANG_WARN_RANGE_LOOP_ANALYSIS = YES;
				CLANG_WARN_STRICT_PROTOTYPES = YES;
				CLANG_WARN_SUSPICIOUS_MOVE = YES;
				CLANG_WARN_UNGUARDED_AVAILABILITY = YES_AGGRESSIVE;
				CLANG_WARN_UNREACHABLE_CODE = YES;
				CLANG_WARN__DUPLICATE_METHOD_MATCH = YES;
				COPY_PHASE_STRIP = NO;
				DEBUG_INFORMATION_FORMAT = "dwarf-with-dsym";
				ENABLE_NS_ASSERTIONS = NO;
				ENABLE_STRICT_OBJC_MSGSEND = YES;
				GCC_C_LANGUAGE_STANDARD = gnu11;
				GCC_NO_COMMON_BLOCKS = YES;
				GCC_WARN_64_TO_32_BIT_CONVERSION = YES;
				GCC_WARN_ABOUT_RETURN_TYPE = YES_ERROR;
				GCC_WARN_UNDECLARED_SELECTOR = YES;
				GCC_WARN_UNINITIALIZED_AUTOS = YES_AGGRESSIVE;
				GCC_WARN_UNUSED_FUNCTION = YES;
				GCC_WARN_UNUSED_VARIABLE = YES;
				IPHONEOS_DEPLOYMENT_TARGET = 15.2;
				MTL_ENABLE_DEBUG_INFO = NO;
				MTL_FAST_MATH = YES;
				SDKROOT = iphoneos;
				SWIFT_COMPILATION_MODE = wholemodule;
				SWIFT_OPTIMIZATION_LEVEL = "-O";
				VALIDATE_PRODUCT = YES;
			};
			name = Release;
		};
		7F1D40142792EABB00FF6F3C /* Debug */ = {
			isa = XCBuildConfiguration;
			buildSettings = {
				ASSETCATALOG_COMPILER_APPICON_NAME = AppIcon;
				ASSETCATALOG_COMPILER_GLOBAL_ACCENT_COLOR_NAME = AccentColor;
				CODE_SIGN_STYLE = Automatic;
				CURRENT_PROJECT_VERSION = 1;
				DEVELOPMENT_TEAM = 786WE2QS34;
				GENERATE_INFOPLIST_FILE = YES;
				INFOPLIST_FILE = Todolist/Info.plist;
				INFOPLIST_KEY_UIApplicationSupportsIndirectInputEvents = YES;
				INFOPLIST_KEY_UILaunchStoryboardName = LaunchScreen;
				INFOPLIST_KEY_UIMainStoryboardFile = HomeTableViewController;
				INFOPLIST_KEY_UISupportedInterfaceOrientations_iPad = "UIInterfaceOrientationPortrait UIInterfaceOrientationPortraitUpsideDown UIInterfaceOrientationLandscapeLeft UIInterfaceOrientationLandscapeRight";
				INFOPLIST_KEY_UISupportedInterfaceOrientations_iPhone = "UIInterfaceOrientationPortrait UIInterfaceOrientationLandscapeLeft UIInterfaceOrientationLandscapeRight";
				LD_RUNPATH_SEARCH_PATHS = (
					"$(inherited)",
					"@executable_path/Frameworks",
				);
				MARKETING_VERSION = 1.0;
				PRODUCT_BUNDLE_IDENTIFIER = com.funnydev.Todolist;
				PRODUCT_NAME = "$(TARGET_NAME)";
				SWIFT_EMIT_LOC_STRINGS = YES;
				SWIFT_VERSION = 5.0;
				TARGETED_DEVICE_FAMILY = "1,2";
			};
			name = Debug;
		};
		7F1D40152792EABB00FF6F3C /* Release */ = {
			isa = XCBuildConfiguration;
			buildSettings = {
				ASSETCATALOG_COMPILER_APPICON_NAME = AppIcon;
				ASSETCATALOG_COMPILER_GLOBAL_ACCENT_COLOR_NAME = AccentColor;
				CODE_SIGN_STYLE = Automatic;
				CURRENT_PROJECT_VERSION = 1;
				DEVELOPMENT_TEAM = 786WE2QS34;
				GENERATE_INFOPLIST_FILE = YES;
				INFOPLIST_FILE = Todolist/Info.plist;
				INFOPLIST_KEY_UIApplicationSupportsIndirectInputEvents = YES;
				INFOPLIST_KEY_UILaunchStoryboardName = LaunchScreen;
				INFOPLIST_KEY_UIMainStoryboardFile = HomeTableViewController;
				INFOPLIST_KEY_UISupportedInterfaceOrientations_iPad = "UIInterfaceOrientationPortrait UIInterfaceOrientationPortraitUpsideDown UIInterfaceOrientationLandscapeLeft UIInterfaceOrientationLandscapeRight";
				INFOPLIST_KEY_UISupportedInterfaceOrientations_iPhone = "UIInterfaceOrientationPortrait UIInterfaceOrientationLandscapeLeft UIInterfaceOrientationLandscapeRight";
				LD_RUNPATH_SEARCH_PATHS = (
					"$(inherited)",
					"@executable_path/Frameworks",
				);
				MARKETING_VERSION = 1.0;
				PRODUCT_BUNDLE_IDENTIFIER = com.funnydev.Todolist;
				PRODUCT_NAME = "$(TARGET_NAME)";
				SWIFT_EMIT_LOC_STRINGS = YES;
				SWIFT_VERSION = 5.0;
				TARGETED_DEVICE_FAMILY = "1,2";
			};
			name = Release;
		};
/* End XCBuildConfiguration section */

/* Begin XCConfigurationList section */
		7F1D3FFA2792EAB900FF6F3C /* Build configuration list for PBXProject "Todolist" */ = {
			isa = XCConfigurationList;
			buildConfigurations = (
				7F1D40112792EABB00FF6F3C /* Debug */,
				7F1D40122792EABB00FF6F3C /* Release */,
			);
			defaultConfigurationIsVisible = 0;
			defaultConfigurationName = Release;
		};
		7F1D40132792EABB00FF6F3C /* Build configuration list for PBXNativeTarget "Todolist" */ = {
			isa = XCConfigurationList;
			buildConfigurations = (
				7F1D40142792EABB00FF6F3C /* Debug */,
				7F1D40152792EABB00FF6F3C /* Release */,
			);
			defaultConfigurationIsVisible = 0;
			defaultConfigurationName = Release;
		};
/* End XCConfigurationList section */

/* Begin XCVersionGroup section */
		7F1D403627948D7B00FF6F3C /* TodolistModel.xcdatamodeld */ = {
			isa = XCVersionGroup;
			children = (
				7F1D403727948D7B00FF6F3C /* TodolistModel.xcdatamodel */,
			);
			currentVersion = 7F1D403727948D7B00FF6F3C /* TodolistModel.xcdatamodel */;
			path = TodolistModel.xcdatamodeld;
			sourceTree = "<group>";
			versionGroupType = wrapper.xcdatamodel;
		};
/* End XCVersionGroup section */
	};
	rootObject = 7F1D3FF72792EAB900FF6F3C /* Project object */;
}
